github.com/caneroj1/stemmer v0.0.0-20170128035808-c9f2ce1504d5 h1:KrgIOxLMw9OvGiPOX1WlxUOZzhJ6NvslCVEMb3SrIXQ=
github.com/caneroj1/stemmer v0.0.0-20170128035808-c9f2ce1504d5/go.mod h1:FX8SGAdUYnFYgGoy+xeGdnVIEq/ITKM7iMewnmng4Y4=
github.com/semantosoph/gowiki v0.0.0-20211216223956-6659b4450d94 h1:yaxa8YXgGV3TeCH3gzBilmtYxhXW9EgifLvMSldURnU=
github.com/semantosoph/gowiki v0.0.0-20211216223956-6659b4450d94/go.mod h1:V7yZLWy+yPkIHiNl9amH0y8rbyZrKVG3sOrBbcHFZdI=
golang.org/x/time v0.6.0 h1:eTDhh4ZXt5Qf0augr54TN6suAUudPcawVZeIAPU7D4U=
golang.org/x/time v0.6.0/go.mod h1:3BpzKBy/shNhVucY/MWOyx10tF3SFh9QdLuxbVysPQM=
