github.com/caneroj1/stemmer v0.0.0-20170128035808-c9f2ce1504d5 h1:KrgIOxLMw9OvGiPOX1WlxUOZzhJ6NvslCVEMb3SrIXQ=
github.com/caneroj1/stemmer v0.0.0-20170128035808-c9f2ce1504d5/go.mod h1:FX8SGAdUYnFYgGoy+xeGdnVIEq/ITKM7iMewnmng4Y4=
github.com/semantosoph/gowiki v0.0.0-20211216223956-6659b4450d94 h1:yaxa8YXgGV3TeCH3gzBilmtYxhXW9EgifLvMSldURnU=
github.com/semantosoph/gowiki v0.0.0-20211216223956-6659b4450d94/go.mod h1:V7yZLWy+yPkIHiNl9amH0y8rbyZrKVG3sOrBbcHFZdI=
golang.org/x/sync v0.20.0 h1:e0PTpb7pjO8GAtTs2dQ6jYa5BWYlMuX047Dco/pItO4=
golang.org/x/sync v0.20.0/go.mod h1:9xrNwdLfx4jkKbNva9FpL6vEN7evnE43NNNJQ2LF3+0=
golang.org/x/time v0.15.0 h1:bbrp8t3bGUeFOx08pvsMYRTCVSMk89u4tKbNOZbp88U=
golang.org/x/time v0.15.0/go.mod h1:Y4YMaQmXwGQZoFaVFk4YpCt4FLQMYKZe9oeV/f4MSno=
